PODS:
  - AppSwizzle (1.3.1)
  - LeakEye (1.2.0):
    - AppSwizzle

DEPENDENCIES:
  - "AppSwizzle (from `git@github.com:dsencheng/AppSwizzle.git`)"
  - LeakEye (from `../`)

EXTERNAL SOURCES:
  AppSwizzle:
    :git: "git@github.com:dsencheng/AppSwizzle.git"
  LeakEye:
    :path: "../"

CHECKOUT OPTIONS:
  AppSwizzle:
    :commit: 8da446e256ff5759174150bd805b7c61f3d4d2cd
    :git: "git@github.com:dsencheng/AppSwizzle.git"

SPEC CHECKSUMS:
  AppSwizzle: b857a1c3d32648bd64fffe987b8cce2616bda7bb
  LeakEye: 182a3eb5cdbc5dbd69532787c733b398cea8f483

PODFILE CHECKSUM: 2302569b4b4bd2422290dc1b4850eef9d307100d

COCOAPODS: 1.11.2
